{
    "_meta": {
        "hash": {
            "sha256": "cc6878002eef10a1be16df78091e193b5d37e01d453991cd453cefd41503849f"
        },
        "pipfile-spec": 6,
        "requires": {
            "python_version": "3.9"
        },
        "sources": [
            {
                "name": "pypi",
                "url": "https://pypi.org/simple",
                "verify_ssl": true
            }
        ]
    },
    "default": {
        "appdirs": {
            "hashes": [
                "sha256:7d5d0167b2b1ba821647616af46a749d1c653740dd0d2415100fe26e27afdf41",
                "sha256:a841dacd6b99318a741b166adb07e19ee71a274450e68237b4650ca1055ab128"
            ],
            "version": "==1.4.4"
        },
        "arrow": {
            "hashes": [
                "sha256:c728b120ebc00eb84e01882a6f5e7927a53960aa990ce7dd2b10f39005a67f80",
                "sha256:d4540617648cb5f895730f1ad8c82a65f2dad0166f57b75f3ca54759c4d67a85"
            ],
            "markers": "python_version >= '3.8'",
            "version": "==1.3.0"
        },
        "cramjam": {
            "hashes": [
                "sha256:001fc2572adc655406fb899087f57a740e58a800b05acdccac8bf5759b617d90",
                "sha256:04f54bea9ce39c440d1ac6901fe4d647f9218dd5cd8fe903c6fe9c42bf5e1f3b",
                "sha256:05793857773ec62101edf2c0d22d8edc955707727124f637d2f6cc138e5f97aa",
                "sha256:06ad4a8b368d30ded1d932d9eed647962fbe44923269185a6bbd5e0d11cc39ab",
                "sha256:0acb17e3681138b48300b27d3409742c81d5734ec39c650a60a764c135197840",
                "sha256:0d27fe3e316f9ae7fe1367b6daf0ffc993c1c66edae588165ac0f41f91a5a6b1",
                "sha256:112638a4cdf806509d2d2661cb519d239d731bd5fd2e95f211c48ac0f0deeab5",
                "sha256:11c5ef0c70d6bdd8e1d8afed8b0430709b22decc3865eb6c0656aa00117a7b3d",
                "sha256:17dda15edf256362edb30dcb1d5ecdcd727d946c6be0d1b130e736f3f49487dc",
                "sha256:1a200b74220dcd80c2bb99e3bfe1cdb1e4ed0f5c071959f4316abd65f9ef1e39",
                "sha256:1c071765bdd5eefa3b2157a61e84d72e161b63f95eb702a0133fee293800a619",
                "sha256:1e826469cfbb6dcd5b967591e52855073267835229674cfa3d327088805855da",
                "sha256:22a7ab05c62b0a71fcd6db4274af1508c5ea039a43fb143ac50a62f86e6f32f7",
                "sha256:2464bdf0e2432e0f07a834f48c16022cd7f4648ed18badf52c32c13d6722518c",
                "sha256:260732e3b5c56d6182586f3a7fc5e3f3641b27bfbad5883e8d8e292af85a6870",
                "sha256:26c44f17938cf00a339899ce6ea7ba12af7b1210d707a80a7f14724fba39869b",
                "sha256:27b2625c0840b9a5522eba30b165940084391762492e03b9d640fca5074016ae",
                "sha256:28a13c0317e71121b2059ffa8beefa2b185be241c52f740f6eb261f0067186db",
                "sha256:2c1eb6e6c3d5c1cc3f7c7f8a52e034340a3c454641f019687fa94077c05da5c2",
                "sha256:2c24907c972aca7b56c8326307e15d78f56199852dda1e67e4e54c2672afede4",
                "sha256:2c7008bb54bdc5d130c0e8581925dfcbdc6f0a4d2051de7a153bfced9a31910f",
                "sha256:2e419b65538786fc1f0cf776612262d4bf6c9449983d3fc0d0acfd86594fe551",
                "sha256:337ceb50bde7708b2a4068f3000625c23ceb1b2497edce2e21fd08ef58549170",
                "sha256:3484f1595eef64cefed05804d7ec8a88695f89086c49b086634e44c16f3d4769",
                "sha256:3596b6ceaf85f872c1e56295c6ec80bb15fdd71e7ed9e0e5c3e654563dcc40a2",
                "sha256:35bcecff38648908a4833928a892a1e7a32611171785bef27015107426bc1d9d",
                "sha256:38fba4594dd0e2b7423ef403039e63774086ebb0696d9060db20093f18a2f43e",
                "sha256:3a94fe7024137ed8bf200308000d106874afe52ff203f852f43b3547eddfa10e",
                "sha256:3e0b70fe7796b63b87cb7ebfaad0ebaca7574fdf177311952f74b8bda6522fb8",
                "sha256:42dcd7c83104edae70004a8dc494e4e57de4940e3019e5d2cbec2830d5908a85",
                "sha256:44c15f6117031a84497433b5f55d30ee72d438fdcba9778fec0c5ca5d416aa96",
                "sha256:44c2660ee7c4c269646955e4e40c2693f803fbad12398bb31b2ad00cfc6027b8",
                "sha256:4b201aacc7a06079b063cfbcf5efe78b1e65c7279b2828d06ffaa90a8316579d",
                "sha256:4b3e0067ae3513e4cbd0efbabbe5a2bcfa2c2d4bddc67188eeb0751b9a02fdb7",
                "sha256:4ba90f7b8f986934f33aad8cc029cf7c74842d3ecd5eda71f7531330d38a8dc4",
                "sha256:4c7bab3703babb93c9dd4444ac9797d01ec46cf521e247d3319bfb292414d053",
                "sha256:5018c7414047f640b126df02e9286a8da7cc620798cea2b39bac79731c2ee336",
                "sha256:50b59e981f219d6840ac43cda8e885aff1457944ddbabaa16ac047690bfd6ad1",
                "sha256:51eb00c72d4a93e4a2ddcc751ba2a7a1318026247e80742866912ec82b39e5ce",
                "sha256:5264ac242697fbb1cfffa79d0153cbc4c088538bd99d60cfa374e8a8b83e2bb5",
                "sha256:570c81f991033e624874475ade96b601f1db2c51b3e69c324072adcfb23ef5aa",
                "sha256:5b21b1672814ecce88f1da76635f0483d2d877d4cb8998db3692792f46279bf1",
                "sha256:5b34f4678d386c64d3be402fdf67f75e8f1869627ea2ec4decd43e828d3b6fba",
                "sha256:5c52805c7ccb533fe42d3d36c91d237c97c3b6551cd6b32f98b79eeb30d0f139",
                "sha256:61b7f3c81e5e9015e73e5f423706b2f5e85a07ce79dea35645fad93505ff06cf",
                "sha256:636a48e2d01fe8d7955e9523efd2f8efce55a0221f3b5d5b4bdf37c7ff056bf1",
                "sha256:645827af834a64145ba4b06f703342b2dbe1d40d1a48fb04e82373bd95cf68e2",
                "sha256:647553c44cf6b5ce2d9b56e743cc1eab886940d776b36438183e807bb5a7a42b",
                "sha256:6655d04942f7c02087a6bba4bdc8d88961aa8ddf3fb9a05b3bad06d2d1ca321b",
                "sha256:68362d87372a90b9717536238c81d74d7feb4a14392ac239ceb61c1c199a9bac",
                "sha256:6d86c1e2006fe82a8679ed851c2462a6019b57255b3902d16ac35df4a37f6cdd",
                "sha256:73b6ffc8ffe6546462ccc7e34ca3acd9eb3984e1232645f498544a7eab6b8aca",
                "sha256:7699d61c712bc77907c48fe63a21fffa03c4dd70401e1d14e368af031fde7c21",
                "sha256:76e4e42f2ecf1aca0a710adaa23000a192efb81a2aee3bcc16761f1777f08a74",
                "sha256:77192bc1a9897ecd91cf977a5d5f990373e35a8d028c9141c8c3d3680a4a4cd7",
                "sha256:7ab6f36c772109c974890eafff2a841ddbf38ea1293b01a778b28f26089a890d",
                "sha256:7dda9be2caf067ac21c4aa63497833e0984908b66849c07aaa42b1cfa93f5e1c",
                "sha256:7ddbf6a3d3def7ae46638ebf87d7746ccebf22f885a87884ac24d97943af3f30",
                "sha256:8695857e0b0b5289fabb6c200b95e2b18d8575551ddd9d50746b3d78b6fb5aa8",
                "sha256:86b29e349064821ceeb14d60d01a11a0788f94e73ed4b3a5c3f9fac7aa4e2cd7",
                "sha256:88754dd516f0e2f4dd242880b8e760dc854e917315a17fe3fc626475bea9b252",
                "sha256:8b40d46d2aa566f8e3def953279cce0191e47364b453cda492db12a84dd97f78",
                "sha256:8bb0b6aaaa5f37091e05d756a3337faf0ddcffe8a68dbe8a710731b0d555ec8f",
                "sha256:91ab85752a08dc875a05742cfda0234d7a70fadda07dd0b0582cfe991911f332",
                "sha256:92fd6e784ade210c3522bc627b3938821d12fac52acefe4d6630460e243e28de",
                "sha256:967f5f0f22bf5dba4e4d7abe9594b28f5da95606225a50555926ff6e975d84dd",
                "sha256:9cadef44f5ad4c5b4d06ba3c28464d70241a40539c0343b1821ba43102b6a9fc",
                "sha256:9e20ebea6ec77232cd12e4084c8be6d03534dc5f3d027d365b32766beafce6c3",
                "sha256:a01e89e99ba066dfa2df40fe99a2371565f4a3adc6811a73c8019d9929a312e8",
                "sha256:a04376601c8f9714fb3a6a0a1699b85aab665d9d952a2a31fb37cf70e1be1fba",
                "sha256:a094ca72440364bc1d0a793555875e515b0d7cc0eef171f4cd49c7e4855ba06e",
                "sha256:a120fc0514c9ed9a4051d040ddd36176241d4f54c4a37d8e4f3d29ac9bdb4c3a",
                "sha256:a2742eea6e336961167c5b6a2393fa04d54bdb10980f0d60ea36ed0a824e9a20",
                "sha256:a2923b8cd2fcbd22e0842decb66bf925a9e95bda165490d037c355e5df8fef68",
                "sha256:a71ab695a16c6d5aeae1f02fcc37fbd1ae876e8fb339337aca187012a3d6c0a2",
                "sha256:ac5a8a3ef660e6869a7761cd0664223eb546b2d17e9121c8ab0ad46353635611",
                "sha256:acef0e2c4d9f38428721a0ec878dee3fb73a35e640593d99c9803457dbb65214",
                "sha256:adf484b06063134ae604d4fc826d942af7e751c9d0b2fcab5bf1058a8ebe242b",
                "sha256:afa36aa006d7692718fce427ecb276211918447f806f80c19096a627f5122e3d",
                "sha256:b07fe3e48c881a75a11f722e1d5b052173b5e7c78b22518f659b8c9b4ac4c937",
                "sha256:b8dee2e4a402dac2df110e7b02fae49507a63b44b6fd91350cf069f31545a925",
                "sha256:ba19308b8e19cdaadfbf47142f52b705d2cbfb8edd84a8271573e50fa7fa022d",
                "sha256:bcedda2ef2560e6e62cac03734ab1ad28616206b4d4f2d138440b4f43e18c395",
                "sha256:bf1321a40da930edeff418d561dfb03e6d59d5b8ab5cbab1c4b03ff0aa4c6d21",
                "sha256:c6afff7e9da53afb8d11eae27a20ee5709e2943b39af6c949b38424d0f271569",
                "sha256:cddd12ee5a2ef4100478db7f5563a9cdb8bc0a067fbd8ccd1ecdc446d2e6a41a",
                "sha256:ce11be5722c9d433c5e1eb3980f16eb7d80828b9614f089e28f4f1724fc8973f",
                "sha256:ce208a3e4043b8ce89e5d90047da16882456ea395577b1ee07e8215dce7d7c91",
                "sha256:d46fd5a9e8eb5d56eccc6191a55e3e1e2b3ab24b19ab87563a2299a39c855fd7",
                "sha256:d61a21e4153589bd53ffe71b553f93f2afbc8fb7baf63c91a83c933347473083",
                "sha256:d84581c869d279fab437182d5db2b590d44975084e8d50b164947f7aaa2c5f25",
                "sha256:de3e4be5aa71b73c2640c9b86e435ec033592f7f79787937f8342259106a63ae",
                "sha256:def47645b1b970fd97f063da852b0ddc4f5bdee9af8d5b718d9682c7b828d89d",
                "sha256:e0744e391ea8baf0ddea5a180b0aa71a6a302490c14d7a37add730bf0172c7c6",
                "sha256:e193918c81139361f3f45db19696d31847601f2c0e79a38618f34d7bff6ee704",
                "sha256:e1c03360c1760f8608dc5ce1ddd7e5491180765360cae8104b428d5f86fbe1b9",
                "sha256:e2d216ed4aca2090eabdd354204ae55ed3e13333d1a5b271981543696e634672",
                "sha256:e3012564760394dff89e7a10c5a244f8885cd155aec07bdbe2d6dc46be398614",
                "sha256:e821dd487384ae8004e977c3b13135ad6665ccf8c9874e68441cad1146e66d8a",
                "sha256:eafdc9d1721afcb4be9d20b980b61d404a592c19067197976a4077f52727bd1a",
                "sha256:f25db473667774725e4f34e738d644ffb205bf0bdc0e8146870a1104c5f42e4a",
                "sha256:fb73ee9616e3efd2cf3857b019c66f9bf287bb47139ea48425850da2ae508670",
                "sha256:ff7b95bd299c9360e7cb8d226002d58e2917f594ea5af0373efc713f896622b9"
            ],
            "markers": "python_version >= '3.8'",
            "version": "==2.10.0"
        },
        "fastparquet": {
            "hashes": [
                "sha256:053695c2f730b78a2d3925df7cd5c6444d6c1560076af907993361cc7accf3e2",
                "sha256:0a52eecc6270ae15f0d51347c3f762703dd667ca486f127dc0a21e7e59856ae5",
                "sha256:0b74333914f454344458dab9d1432fda9b70d62e28dc7acb1512d937ef1424ee",
                "sha256:0e2d7f02f57231e6c86d26e9ea71953737202f20e948790e5d4db6d6a1a150dc",
                "sha256:1ae953c0e3832ae3936b6d92fde493ac7d8b775d7d59d02f7f46f67e1c21ed24",
                "sha256:29d5c718817bcd765fc519b17f759cad4945974421ecc1931d3bdc3e05e57fa9",
                "sha256:36b5c9bd2ffaaa26ff45d59a6cefe58503dd748e0c7fad80dd905749da0f2b9e",
                "sha256:374cdfa745aa7d5188430528d5841cf823eb9ad16df72ad6dadd898ccccce3be",
                "sha256:403d31109d398b6be7ce84fa3483fc277c6a23f0b321348c0a505eb098a041cb",
                "sha256:41d1610130b5cb1ce36467766191c5418cba8631e2bfe3affffaf13f9be4e7a8",
                "sha256:46b2db02fc2a1507939d35441c8ab211d53afd75d82eec9767d1c3656402859b",
                "sha256:4abd3426607335e5ad09be29ef4eeccdf097710e44420deac16893cee64ea0d8",
                "sha256:4c8401bfd86cccaf0ab7c0ade58c91ae19317ff6092e1d4ad96c2178197d8124",
                "sha256:561202e8f0e859ccc1aa77c4aaad1d7901b2d50fd6f624ca018bae4c3c7a62ce",
                "sha256:5914ecfa766b7763201b9f49d832a5e89c2dccad470ca4f9c9b228d9a8349756",
                "sha256:59e5c5b51083d5b82572cdb7aed0346e3181e3ac9d2e45759da2e804bdafa7ee",
                "sha256:60ccf587410f0979105e17036df61bb60e1c2b81880dc91895cdb4ee65b71e7f",
                "sha256:63e0e416e25c15daa174aad8ba991c2e9e5b0dc347e5aed5562124261400f87b",
                "sha256:6595d3771b3d587a31137e985f751b4d599d5c8e9af9c4858e373fdf5c3f8720",
                "sha256:6b7df5d3b61a19d76e209fe8d3133759af1c139e04ebc6d43f3cc2d8045ef338",
                "sha256:6b936dcf40ca5fff9e70383d48811b1482b871ff74af857cb4db5f4d072f01ab",
                "sha256:6ec7b398a86432993441d0a08dfae59e29649c803ed64ec4b1d7c3e0855b14cb",
                "sha256:74a0b3c40ab373442c0fda96b75a36e88745d8b138fcc3a6143e04682cbbb8ca",
                "sha256:869e167a4067116b4a27eb7adbe597130b2e2e9cfc0f3e84f60e2e182a933f23",
                "sha256:8b35823ac7a194134e5f82fa4a9659e42e8f9ad1f2d22a55fbb7b9e4053aabbb",
                "sha256:9a9387e77ac608d8978774caaf1e19de67eaa1386806e514dcb19f741b19cfe5",
                "sha256:a3afdef2895c9f459135a00a7ed3ceafebfbce918a9e7b5d550e4fae39c1b64d",
                "sha256:a5ad5fc14b0567e700bea3cd528a0bd45a6f9371370b49de8889fb3d10a6574a",
                "sha256:bdadf7b6bad789125b823bfc5b0a719ba5c4a2ef965f973702d3ea89cff057f6",
                "sha256:cbbb9057a26acf0abad7adf58781ee357258b7708ee44a289e3bee97e2f55d42",
                "sha256:d20632964e65530374ff7cddd42cc06aa0a1388934903693d6d22592a5ba827b",
                "sha256:d24c923a2d9d22a5e7564245f856e6462d524d57982ac8f7479cde991ff73362",
                "sha256:d281edd625c33628ba028d3221180283d6161bc5ceb55eae1f0ca1678f864f26",
                "sha256:dbad4b014782bd38b58b8e9f514fe958cfa7a6c4e187859232d29fd5c5ddd849",
                "sha256:dc475993232c6a64f350aeb928013a807eb93f78675810fd019cbcff39f6baf3",
                "sha256:e29ff7a367fafa57c6896fb6abc84126e2466811aefd3e4ad4070b9e18820e54",
                "sha256:e3b1fc73fd3e1b70b0de254bae7feb890436cb67e99458b88cb9bd3cc44db419",
                "sha256:eb3356862fba2f9b2ea8e679d66901f466c92be8e023439fe854bc392fbf40a6",
                "sha256:f9cca4c6b5969df5561c13786f9d116300db1ec22c7941e237cfca4ce602f59b",
                "sha256:fa56b19a29008c34cfe8831e810f770080debcbffc69aabd1df4d47572181f9c",
                "sha256:fbe4468146b633d8f09d7b196fea0547f213cb5ce5f76e9d1beb29eaa9593a93"
            ],
            "markers": "python_version >= '3.9'",
            "version": "==2024.11.0"
        },
        "fsspec": {
            "hashes": [
                "sha256:24d3a2e663d5fc735ab256263c4075f374a174c3410c0b25e5bd1970bceaa462",
                "sha256:2e55e47a540b91843b755e83ded97c6e897fa0942b11490113f09e9c443c2475"
            ],
            "markers": "python_version >= '3.9'",
            "version": "==2025.5.1"
        },
        "jinja2": {
            "hashes": [
                "sha256:0137fb05990d35f1275a587e9aee6d56da821fc83491a0fb838183be43f66d6d",
                "sha256:85ece4451f492d0c13c5dd7c13a64681a86afae63a5f347908daf103ce6d2f67"
            ],
            "markers": "python_version >= '3.7'",
            "version": "==3.1.6"
        },
        "jinja2-time": {
            "hashes": [
                "sha256:d14eaa4d315e7688daa4969f616f226614350c48730bfa1692d2caebd8c90d40",
                "sha256:d3eab6605e3ec8b7a0863df09cc1d23714908fa61aa6986a845c20ba488b4efa"
            ],
            "version": "==0.2.0"
        },
        "joblib": {
            "hashes": [
                "sha256:4719a31f054c7d766948dcd83e9613686b27114f190f717cec7eaa2084f8a74a",
                "sha256:f4f86e351f39fe3d0d32a9f2c3d8af1ee4cec285aafcb27003dda5205576b444"
            ],
            "markers": "python_version >= '3.9'",
            "version": "==1.5.1"
        },
        "make": {
            "hashes": [
                "sha256:307991f0d24668b7785a9abade301ba6c2d004460e90c59baf19b47c16b8ed39"
            ],
            "index": "pypi",
            "version": "==0.1.6.post2"
        },
        "markupsafe": {
            "hashes": [
                "sha256:0bff5e0ae4ef2e1ae4fdf2dfd5b76c75e5c2fa4132d05fc1b0dabcd20c7e28c4",
                "sha256:0f4ca02bea9a23221c0182836703cbf8930c5e9454bacce27e767509fa286a30",
                "sha256:1225beacc926f536dc82e45f8a4d68502949dc67eea90eab715dea3a21c1b5f0",
                "sha256:131a3c7689c85f5ad20f9f6fb1b866f402c445b220c19fe4308c0b147ccd2ad9",
                "sha256:15ab75ef81add55874e7ab7055e9c397312385bd9ced94920f2802310c930396",
                "sha256:1a9d3f5f0901fdec14d8d2f66ef7d035f2157240a433441719ac9a3fba440b13",
                "sha256:1c99d261bd2d5f6b59325c92c73df481e05e57f19837bdca8413b9eac4bd8028",
                "sha256:1e084f686b92e5b83186b07e8a17fc09e38fff551f3602b249881fec658d3eca",
                "sha256:2181e67807fc2fa785d0592dc2d6206c019b9502410671cc905d132a92866557",
                "sha256:2cb8438c3cbb25e220c2ab33bb226559e7afb3baec11c4f218ffa7308603c832",
                "sha256:3169b1eefae027567d1ce6ee7cae382c57fe26e82775f460f0b2778beaad66c0",
                "sha256:3809ede931876f5b2ec92eef964286840ed3540dadf803dd570c3b7e13141a3b",
                "sha256:38a9ef736c01fccdd6600705b09dc574584b89bea478200c5fbf112a6b0d5579",
                "sha256:3d79d162e7be8f996986c064d1c7c817f6df3a77fe3d6859f6f9e7be4b8c213a",
                "sha256:444dcda765c8a838eaae23112db52f1efaf750daddb2d9ca300bcae1039adc5c",
                "sha256:48032821bbdf20f5799ff537c7ac3d1fba0ba032cfc06194faffa8cda8b560ff",
                "sha256:4aa4e5faecf353ed117801a068ebab7b7e09ffb6e1d5e412dc852e0da018126c",
                "sha256:52305740fe773d09cffb16f8ed0427942901f00adedac82ec8b67752f58a1b22",
                "sha256:569511d3b58c8791ab4c2e1285575265991e6d8f8700c7be0e88f86cb0672094",
                "sha256:57cb5a3cf367aeb1d316576250f65edec5bb3be939e9247ae594b4bcbc317dfb",
                "sha256:5b02fb34468b6aaa40dfc198d813a641e3a63b98c2b05a16b9f80b7ec314185e",
                "sha256:6381026f158fdb7c72a168278597a5e3a5222e83ea18f543112b2662a9b699c5",
                "sha256:6af100e168aa82a50e186c82875a5893c5597a0c1ccdb0d8b40240b1f28b969a",
                "sha256:6c89876f41da747c8d3677a2b540fb32ef5715f97b66eeb0c6b66f5e3ef6f59d",
                "sha256:6e296a513ca3d94054c2c881cc913116e90fd030ad1c656b3869762b754f5f8a",
                "sha256:70a87b411535ccad5ef2f1df5136506a10775d267e197e4cf531ced10537bd6b",
                "sha256:7e94c425039cde14257288fd61dcfb01963e658efbc0ff54f5306b06054700f8",
                "sha256:846ade7b71e3536c4e56b386c2a47adf5741d2d8b94ec9dc3e92e5e1ee1e2225",
                "sha256:88416bd1e65dcea10bc7569faacb2c20ce071dd1f87539ca2ab364bf6231393c",
                "sha256:88b49a3b9ff31e19998750c38e030fc7bb937398b1f78cfa599aaef92d693144",
                "sha256:8c4e8c3ce11e1f92f6536ff07154f9d49677ebaaafc32db9db4620bc11ed480f",
                "sha256:8e06879fc22a25ca47312fbe7c8264eb0b662f6db27cb2d3bbbc74b1df4b9b87",
                "sha256:9025b4018f3a1314059769c7bf15441064b2207cb3f065e6ea1e7359cb46db9d",
                "sha256:93335ca3812df2f366e80509ae119189886b0f3c2b81325d39efdb84a1e2ae93",
                "sha256:9778bd8ab0a994ebf6f84c2b949e65736d5575320a17ae8984a77fab08db94cf",
                "sha256:9e2d922824181480953426608b81967de705c3cef4d1af983af849d7bd619158",
                "sha256:a123e330ef0853c6e822384873bef7507557d8e4a082961e1defa947aa59ba84",
                "sha256:a904af0a6162c73e3edcb969eeeb53a63ceeb5d8cf642fade7d39e7963a22ddb",
                "sha256:ad10d3ded218f1039f11a75f8091880239651b52e9bb592ca27de44eed242a48",
                "sha256:b424c77b206d63d500bcb69fa55ed8d0e6a3774056bdc4839fc9298a7edca171",
                "sha256:b5a6b3ada725cea8a5e634536b1b01c30bcdcd7f9c6fff4151548d5bf6b3a36c",
                "sha256:ba8062ed2cf21c07a9e295d5b8a2a5ce678b913b45fdf68c32d95d6c1291e0b6",
                "sha256:ba9527cdd4c926ed0760bc301f6728ef34d841f405abf9d4f959c478421e4efd",
                "sha256:bbcb445fa71794da8f178f0f6d66789a28d7319071af7a496d4d507ed566270d",
                "sha256:bcf3e58998965654fdaff38e58584d8937aa3096ab5354d493c77d1fdd66d7a1",
                "sha256:c0ef13eaeee5b615fb07c9a7dadb38eac06a0608b41570d8ade51c56539e509d",
                "sha256:cabc348d87e913db6ab4aa100f01b08f481097838bdddf7c7a84b7575b7309ca",
                "sha256:cdb82a876c47801bb54a690c5ae105a46b392ac6099881cdfb9f6e95e4014c6a",
                "sha256:cfad01eed2c2e0c01fd0ecd2ef42c492f7f93902e39a42fc9ee1692961443a29",
                "sha256:d16a81a06776313e817c951135cf7340a3e91e8c1ff2fac444cfd75fffa04afe",
                "sha256:d8213e09c917a951de9d09ecee036d5c7d36cb6cb7dbaece4c71a60d79fb9798",
                "sha256:e07c3764494e3776c602c1e78e298937c3315ccc9043ead7e685b7f2b8d47b3c",
                "sha256:e17c96c14e19278594aa4841ec148115f9c7615a47382ecb6b82bd8fea3ab0c8",
                "sha256:e444a31f8db13eb18ada366ab3cf45fd4b31e4db1236a4448f68778c1d1a5a2f",
                "sha256:e6a2a455bd412959b57a172ce6328d2dd1f01cb2135efda2e4576e8a23fa3b0f",
                "sha256:eaa0a10b7f72326f1372a713e73c3f739b524b3af41feb43e4921cb529f5929a",
                "sha256:eb7972a85c54febfb25b5c4b4f3af4dcc731994c7da0d8a0b4a6eb0640e1d178",
                "sha256:ee55d3edf80167e48ea11a923c7386f4669df67d7994554387f84e7d8b0a2bf0",
                "sha256:f3818cb119498c0678015754eba762e0d61e5b52d34c8b13d770f0719f7b1d79",
                "sha256:f8b3d067f2e40fe93e1ccdd6b2e1d16c43140e76f02fb1319a05cf2b79d99430",
                "sha256:fcabf5ff6eea076f859677f5f0b6b5c1a51e70a376b0579e0eadef8db48c6b50"
            ],
            "markers": "python_version >= '3.9'",
            "version": "==3.0.2"
        },
        "nfl-data-py": {
            "hashes": [
                "sha256:01cb101bfa6e81781b207aa0feadf3f046aadbb0fa93a14e4ef45e4c54fd6c55",
                "sha256:f64090cf79c8ad81ced1f462b6fefd6da8ccb20d5d687a02ad75d9be9cd8dd95"
            ],
            "index": "pypi",
            "markers": "python_full_version >= '3.6.0'",
            "version": "==0.3.3"
        },
        "numpy": {
            "hashes": [
                "sha256:03a8c78d01d9781b28a6989f6fa1bb2c4f2d51201cf99d3dd875df6fbd96b23b",
                "sha256:08beddf13648eb95f8d867350f6a018a4be2e5ad54c8d8caed89ebca558b2818",
                "sha256:1af303d6b2210eb850fcf03064d364652b7120803a0b872f5211f5234b399f20",
                "sha256:1dda2e7b4ec9dd512f84935c5f126c8bd8b9f2fc001e9f54af255e8c5f16b0e0",
                "sha256:2a02aba9ed12e4ac4eb3ea9421c420301a0c6460d9830d74a9df87efa4912010",
                "sha256:2e4ee3380d6de9c9ec04745830fd9e2eccb3e6cf790d39d7b98ffd19b0dd754a",
                "sha256:3373d5d70a5fe74a2c1bb6d2cfd9609ecf686d47a2d7b1d37a8f3b6bf6003aea",
                "sha256:47711010ad8555514b434df65f7d7b076bb8261df1ca9bb78f53d3b2db02e95c",
                "sha256:4c66707fabe114439db9068ee468c26bbdf909cac0fb58686a42a24de1760c71",
                "sha256:50193e430acfc1346175fcbdaa28ffec49947a06918b7b92130744e81e640110",
                "sha256:52b8b60467cd7dd1e9ed082188b4e6bb35aa5cdd01777621a1658910745b90be",
                "sha256:60dedbb91afcbfdc9bc0b1f3f402804070deed7392c23eb7a7f07fa857868e8a",
                "sha256:62b8e4b1e28009ef2846b4c7852046736bab361f7aeadeb6a5b89ebec3c7055a",
                "sha256:666dbfb6ec68962c033a450943ded891bed2d54e6755e35e5835d63f4f6931d5",
                "sha256:675d61ffbfa78604709862923189bad94014bef562cc35cf61d3a07bba02a7ed",
                "sha256:679b0076f67ecc0138fd2ede3a8fd196dddc2ad3254069bcb9faf9a79b1cebcd",
                "sha256:7349ab0fa0c429c82442a27a9673fc802ffdb7c7775fad780226cb234965e53c",
                "sha256:7ab55401287bfec946ced39700c053796e7cc0e3acbef09993a9ad2adba6ca6e",
                "sha256:7e50d0a0cc3189f9cb0aeb3a6a6af18c16f59f004b866cd2be1c14b36134a4a0",
                "sha256:95a7476c59002f2f6c590b9b7b998306fba6a5aa646b1e22ddfeaf8f78c3a29c",
                "sha256:96ff0b2ad353d8f990b63294c8986f1ec3cb19d749234014f4e7eb0112ceba5a",
                "sha256:9fad7dcb1aac3c7f0584a5a8133e3a43eeb2fe127f47e3632d43d677c66c102b",
                "sha256:9ff0f4f29c51e2803569d7a51c2304de5554655a60c5d776e35b4a41413830d0",
                "sha256:a354325ee03388678242a4d7ebcd08b5c727033fcff3b2f536aea978e15ee9e6",
                "sha256:a4abb4f9001ad2858e7ac189089c42178fcce737e4169dc61321660f1a96c7d2",
                "sha256:ab47dbe5cc8210f55aa58e4805fe224dac469cde56b9f731a4c098b91917159a",
                "sha256:afedb719a9dcfc7eaf2287b839d8198e06dcd4cb5d276a3df279231138e83d30",
                "sha256:b3ce300f3644fb06443ee2222c2201dd3a89ea6040541412b8fa189341847218",
                "sha256:b97fe8060236edf3662adfc2c633f56a08ae30560c56310562cb4f95500022d5",
                "sha256:bfe25acf8b437eb2a8b2d49d443800a5f18508cd811fea3181723922a8a82b07",
                "sha256:cd25bcecc4974d09257ffcd1f098ee778f7834c3ad767fe5db785be9a4aa9cb2",
                "sha256:d209d8969599b27ad20994c8e41936ee0964e6da07478d6c35016bc386b66ad4",
                "sha256:d5241e0a80d808d70546c697135da2c613f30e28251ff8307eb72ba696945764",
                "sha256:edd8b5fe47dab091176d21bb6de568acdd906d1887a4584a15a9a96a1dca06ef",
                "sha256:f870204a840a60da0b12273ef34f7051e98c3b5961b61b0c2c1be6dfd64fbcd3",
                "sha256:ffa75af20b44f8dba823498024771d5ac50620e6915abac414251bd971b4529f"
            ],
            "markers": "python_version >= '3.9'",
            "version": "==1.26.4"
        },
        "packaging": {
            "hashes": [
                "sha256:29572ef2b1f17581046b3a2227d5c611fb25ec70ca1ba8554b24b0e69331a484",
                "sha256:d443872c98d677bf60f6a1f2f8c1cb748e8fe762d2bf9d3148b5599295b0fc4f"
            ],
            "markers": "python_version >= '3.8'",
            "version": "==25.0"
        },
        "pandas": {
            "hashes": [
                "sha256:14e45300521902689a81f3f41386dc86f19b8ba8dd5ac5a3c7010ef8d2932813",
                "sha256:26d9c71772c7afb9d5046e6e9cf42d83dd147b5cf5bcb9d97252077118543792",
                "sha256:3749077d86e3a2f0ed51367f30bf5b82e131cc0f14260c4d3e499186fccc4406",
                "sha256:41179ce559943d83a9b4bbacb736b04c928b095b5f25dd2b7389eda08f46f373",
                "sha256:478ff646ca42b20376e4ed3fa2e8d7341e8a63105586efe54fa2508ee087f328",
                "sha256:50869a35cbb0f2e0cd5ec04b191e7b12ed688874bd05dd777c19b28cbea90996",
                "sha256:565fa34a5434d38e9d250af3c12ff931abaf88050551d9fbcdfafca50d62babf",
                "sha256:5f2b952406a1588ad4cad5b3f55f520e82e902388a6d5a4a91baa8d38d23c7f6",
                "sha256:5fbcb19d6fceb9e946b3e23258757c7b225ba450990d9ed63ccceeb8cae609f7",
                "sha256:6973549c01ca91ec96199e940495219c887ea815b2083722821f1d7abfa2b4dc",
                "sha256:74a3fd7e5a7ec052f183273dc7b0acd3a863edf7520f5d3a1765c04ffdb3b0b1",
                "sha256:7a0a56cef15fd1586726dace5616db75ebcfec9179a3a55e78f72c5639fa2a23",
                "sha256:7cec0bee9f294e5de5bbfc14d0573f65526071029d036b753ee6507d2a21480a",
                "sha256:87bd9c03da1ac870a6d2c8902a0e1fd4267ca00f13bc494c9e5a9020920e1d51",
                "sha256:972d8a45395f2a2d26733eb8d0f629b2f90bebe8e8eddbb8829b180c09639572",
                "sha256:9842b6f4b8479e41968eced654487258ed81df7d1c9b7b870ceea24ed9459b31",
                "sha256:9f69c4029613de47816b1bb30ff5ac778686688751a5e9c99ad8c7031f6508e5",
                "sha256:a50d9a4336a9621cab7b8eb3fb11adb82de58f9b91d84c2cd526576b881a0c5a",
                "sha256:bc4c368f42b551bf72fac35c5128963a171b40dce866fb066540eeaf46faa003",
                "sha256:c39a8da13cede5adcd3be1182883aea1c925476f4e84b2807a46e2775306305d",
                "sha256:c3ac844a0fe00bfaeb2c9b51ab1424e5c8744f89860b138434a363b1f620f354",
                "sha256:c4c00e0b0597c8e4f59e8d461f797e5d70b4d025880516a8261b2817c47759ee",
                "sha256:c74a62747864ed568f5a82a49a23a8d7fe171d0c69038b38cedf0976831296fa",
                "sha256:dd05f7783b3274aa206a1af06f0ceed3f9b412cf665b7247eacd83be41cf7bf0",
                "sha256:dfd681c5dc216037e0b0a2c821f5ed99ba9f03ebcf119c7dac0e9a7b960b9ec9",
                "sha256:e474390e60ed609cec869b0da796ad94f420bb057d86784191eefc62b65819ae",
                "sha256:f76d097d12c82a535fda9dfe5e8dd4127952b45fea9b0276cb30cca5ea313fbc"
            ],
            "index": "pypi",
            "markers": "python_version >= '3.8'",
            "version": "==1.5.3"
        },
        "python-dateutil": {
            "hashes": [
                "sha256:37dd54208da7e1cd875388217d5e00ebd4179249f90fb72437e91a35459a0ad3",
                "sha256:a8b2bc7bffae282281c8140a97d3aa9c14da0b136dfe83f850eea9a5f7470427"
            ],
            "markers": "python_version >= '2.7' and python_version not in '3.0, 3.1, 3.2'",
            "version": "==2.9.0.post0"
        },
        "pytz": {
            "hashes": [
                "sha256:360b9e3dbb49a209c21ad61809c7fb453643e048b38924c765813546746e81c3",
                "sha256:5ddf76296dd8c44c26eb8f4b6f35488f3ccbf6fbbd7adee0b7262d43f0ec2f00"
            ],
            "version": "==2025.2"
        },
        "scikit-learn": {
            "hashes": [
                "sha256:0650e730afb87402baa88afbf31c07b84c98272622aaba002559b614600ca691",
                "sha256:0c8d036eb937dbb568c6242fa598d551d88fb4399c0344d95c001980ec1c7d36",
                "sha256:1061b7c028a8663fb9a1a1baf9317b64a257fcb036dae5c8752b2abef31d136f",
                "sha256:25fc636bdaf1cc2f4a124a116312d837148b5e10872147bdaf4887926b8c03d8",
                "sha256:2c2cae262064e6a9b77eee1c8e768fc46aa0b8338c6a8297b9b6759720ec0ff2",
                "sha256:2e69fab4ebfc9c9b580a7a80111b43d214ab06250f8a7ef590a4edf72464dd86",
                "sha256:2ffa1e9e25b3d93990e74a4be2c2fc61ee5af85811562f1288d5d055880c4322",
                "sha256:3f59fe08dc03ea158605170eb52b22a105f238a5d512c4470ddeca71feae8e5f",
                "sha256:44a17798172df1d3c1065e8fcf9019183f06c87609b49a124ebdf57ae6cb0107",
                "sha256:6849dd3234e87f55dce1db34c89a810b489ead832aaf4d4550b7ea85628be6c1",
                "sha256:6a7aa5f9908f0f28f4edaa6963c0a6183f1911e63a69aa03782f0d924c830a35",
                "sha256:70b1d7e85b1c96383f872a519b3375f92f14731e279a7b4c6cfd650cf5dffc52",
                "sha256:72abc587c75234935e97d09aa4913a82f7b03ee0b74111dcc2881cba3c5a7b33",
                "sha256:775da975a471c4f6f467725dff0ced5c7ac7bda5e9316b260225b48475279a1b",
                "sha256:7a1c43c8ec9fde528d664d947dc4c0789be4077a3647f232869f41d9bf50e0fb",
                "sha256:7a73d457070e3318e32bdb3aa79a8d990474f19035464dfd8bede2883ab5dc3b",
                "sha256:8634c4bd21a2a813e0a7e3900464e6d593162a29dd35d25bdf0103b3fce60ed5",
                "sha256:8a600c31592bd7dab31e1c61b9bbd6dea1b3433e67d264d17ce1017dbdce8002",
                "sha256:926f207c804104677af4857b2c609940b743d04c4c35ce0ddc8ff4f053cddc1b",
                "sha256:a17c1dea1d56dcda2fac315712f3651a1fea86565b64b48fa1bc090249cbf236",
                "sha256:b3b00cdc8f1317b5f33191df1386c0befd16625f49d979fe77a8d44cae82410d",
                "sha256:b4fc2525eca2c69a59260f583c56a7557c6ccdf8deafdba6e060f94c1c59738e",
                "sha256:b8b7a3b86e411e4bce21186e1c180d792f3d99223dcfa3b4f597ecc92fa1a422",
                "sha256:c06beb2e839ecc641366000ca84f3cf6fa9faa1777e29cf0c04be6e4d096a348",
                "sha256:d056391530ccd1e501056160e3c9673b4da4805eb67eb2bdf4e983e1f9c9204e",
                "sha256:dc4765af3386811c3ca21638f63b9cf5ecf66261cc4815c1db3f1e7dc7b79db2",
                "sha256:dc5cf3d68c5a20ad6d571584c0750ec641cc46aeef1c1507be51300e6003a7e1",
                "sha256:e7be3fa5d2eb9be7d77c3734ff1d599151bb523674be9b834e8da6abe132f44e",
                "sha256:e8ca8cb270fee8f1f76fa9bfd5c3507d60c6438bbee5687f81042e2bb98e5a97",
                "sha256:fa909b1a36e000a03c382aade0bd2063fd5680ff8b8e501660c0f59f021a6415"
            ],
            "index": "pypi",
            "markers": "python_version >= '3.9'",
            "version": "==1.6.1"
        },
        "scipy": {
            "hashes": [
                "sha256:017367484ce5498445aade74b1d5ab377acdc65e27095155e448c88497755a5d",
                "sha256:095a87a0312b08dfd6a6155cbbd310a8c51800fc931b8c0b84003014b874ed3c",
                "sha256:20335853b85e9a49ff7572ab453794298bcf0354d8068c5f6775a0eabf350aca",
                "sha256:27e52b09c0d3a1d5b63e1105f24177e544a222b43611aaf5bc44d4a0979e32f9",
                "sha256:2831f0dc9c5ea9edd6e51e6e769b655f08ec6db6e2e10f86ef39bd32eb11da54",
                "sha256:2ac65fb503dad64218c228e2dc2d0a0193f7904747db43014645ae139c8fad16",
                "sha256:392e4ec766654852c25ebad4f64e4e584cf19820b980bc04960bca0b0cd6eaa2",
                "sha256:436bbb42a94a8aeef855d755ce5a465479c721e9d684de76bf61a62e7c2b81d5",
                "sha256:45484bee6d65633752c490404513b9ef02475b4284c4cfab0ef946def50b3f59",
                "sha256:54f430b00f0133e2224c3ba42b805bfd0086fe488835effa33fa291561932326",
                "sha256:5713f62f781eebd8d597eb3f88b8bf9274e79eeabf63afb4a737abc6c84ad37b",
                "sha256:5d72782f39716b2b3509cd7c33cdc08c96f2f4d2b06d51e52fb45a19ca0c86a1",
                "sha256:637e98dcf185ba7f8e663e122ebf908c4702420477ae52a04f9908707456ba4d",
                "sha256:8335549ebbca860c52bf3d02f80784e91a004b71b059e3eea9678ba994796a24",
                "sha256:949ae67db5fa78a86e8fa644b9a6b07252f449dcf74247108c50e1d20d2b4627",
                "sha256:a014c2b3697bde71724244f63de2476925596c24285c7a637364761f8710891c",
                "sha256:a78b4b3345f1b6f68a763c6e25c0c9a23a9fd0f39f5f3d200efe8feda560a5fa",
                "sha256:cdd7dacfb95fea358916410ec61bbc20440f7860333aee6d882bb8046264e949",
                "sha256:cfa31f1def5c819b19ecc3a8b52d28ffdcc7ed52bb20c9a7589669dd3c250989",
                "sha256:d533654b7d221a6a97304ab63c41c96473ff04459e404b83275b60aa8f4b7004",
                "sha256:d605e9c23906d1994f55ace80e0125c587f96c020037ea6aa98d01b4bd2e222f",
                "sha256:de3ade0e53bc1f21358aa74ff4830235d716211d7d077e340c7349bc3542e884",
                "sha256:e89369d27f9e7b0884ae559a3a956e77c02114cc60a6058b4e5011572eea9299",
                "sha256:eccfa1906eacc02de42d70ef4aecea45415f5be17e72b61bafcfd329bdc52e94",
                "sha256:f26264b282b9da0952a024ae34710c2aff7d27480ee91a2e82b7b7073c24722f"
            ],
            "markers": "python_version >= '3.9'",
            "version": "==1.13.1"
        },
        "six": {
            "hashes": [
                "sha256:4721f391ed90541fddacab5acf947aa0d3dc7d27b2e1e8eda2be8970586c3274",
                "sha256:ff70335d468e7eb6ec65b95b99d3a2836546063f63acc5171de367e834932a81"
            ],
            "markers": "python_version >= '2.7' and python_version not in '3.0, 3.1, 3.2'",
            "version": "==1.17.0"
        },
        "threadpoolctl": {
            "hashes": [
                "sha256:43a0b8fd5a2928500110039e43a5eed8480b918967083ea48dc3ab9f13c4a7fb",
                "sha256:8ab8b4aa3491d812b623328249fab5302a68d2d71745c8a4c719a2fcaba9f44e"
            ],
            "markers": "python_version >= '3.9'",
            "version": "==3.6.0"
        },
        "types-python-dateutil": {
            "hashes": [
                "sha256:13e80d6c9c47df23ad773d54b2826bd52dbbb41be87c3f339381c1700ad21ee5",
                "sha256:2b2b3f57f9c6a61fba26a9c0ffb9ea5681c9b83e69cd897c6b5f668d9c0cab93"
            ],
            "markers": "python_version >= '3.9'",
            "version": "==2.9.0.20250516"
        }
    },
    "develop": {}
}
